
Microsoft Visual Studio Solution File, Format Version 12.00
# Visual Studio Version 17
VisualStudioVersion = 17.10.35027.167
MinimumVisualStudioVersion = 10.0.40219.1
Project("{2150E333-8FDC-42A3-9474-1A3956D46DE8}") = "src", "src", "{3D9ABDA3-68DA-48C8-9883-0D7A5D8EB3B2}"
EndProject
Project("{2150E333-8FDC-42A3-9474-1A3956D46DE8}") = "test", "test", "{0E775AE4-BF29-432F-82A1-94A51C934802}"
EndProject
Project("{9A19103F-16F7-4668-BE54-9A1E7A4F7556}") = "MultiTenantCQRS.WriteApi", "MultiTenantCQRS.WriteApi\MultiTenantCQRS.WriteApi.csproj", "{1494F262-4D8E-4A6A-9291-000500F7AABA}"
EndProject
Project("{9A19103F-16F7-4668-BE54-9A1E7A4F7556}") = "MultiTenantCQRS.ReadApi", "MultiTenantCQRS.ReadApi\MultiTenantCQRS.ReadApi.csproj", "{271BAC8E-4321-418E-9032-F465BCFB39B4}"
EndProject
Project("{2150E333-8FDC-42A3-9474-1A3956D46DE8}") = "WriteApi", "WriteApi", "{B9E05497-F2C3-49A1-B4B8-5E32ACEF832A}"
EndProject
Project("{2150E333-8FDC-42A3-9474-1A3956D46DE8}") = "0 - Solution Items", "0 - Solution Items", "{52267FF0-B382-481B-B846-76163ECCCA10}"
	ProjectSection(SolutionItems) = preProject
		docker-compose.yml = docker-compose.yml
		Dockerfile = Dockerfile
		entrypoint.sh = entrypoint.sh
		init.sql = init.sql
		wait-for-it-api-read.sh = wait-for-it-api-read.sh
		wait-for-it-api-write.sh = wait-for-it-api-write.sh
	EndProjectSection
EndProject
Project("{2150E333-8FDC-42A3-9474-1A3956D46DE8}") = "1 - Presentation", "1 - Presentation", "{0B1B8E3D-DC9F-49EF-A971-5879F4342C7E}"
EndProject
Project("{2150E333-8FDC-42A3-9474-1A3956D46DE8}") = "2 - Application", "2 - Application", "{EB1C9A68-FE76-4D47-835B-FCACFD45C591}"
EndProject
Project("{2150E333-8FDC-42A3-9474-1A3956D46DE8}") = "3 - Domain", "3 - Domain", "{A6F8661E-AAEF-4A02-A8C8-370EF07AE939}"
EndProject
Project("{2150E333-8FDC-42A3-9474-1A3956D46DE8}") = "4 - Infra", "4 - Infra", "{733D0836-E367-481A-A4F9-36EDF546ACCF}"
EndProject
Project("{2150E333-8FDC-42A3-9474-1A3956D46DE8}") = "ReadApi", "ReadApi", "{2936BDE9-2425-41BA-9D32-7982FC7B4B6C}"
EndProject
Project("{2150E333-8FDC-42A3-9474-1A3956D46DE8}") = "1 - Presentation", "1 - Presentation", "{3954CA32-17AB-4588-8679-57740208B9D0}"
EndProject
Project("{2150E333-8FDC-42A3-9474-1A3956D46DE8}") = "2 - Application", "2 - Application", "{5EEC8276-4B5E-419B-8FD4-D0D1A4BE5DFF}"
EndProject
Project("{2150E333-8FDC-42A3-9474-1A3956D46DE8}") = "3 - Domain", "3 - Domain", "{1E53C8F1-2266-4748-B5D8-32D5192DECEF}"
EndProject
Project("{2150E333-8FDC-42A3-9474-1A3956D46DE8}") = "4 - Infra", "4 - Infra", "{389DE67E-6ACE-449B-9496-6E605E74DBFA}"
EndProject
Project("{9A19103F-16F7-4668-BE54-9A1E7A4F7556}") = "MultiTenantCQRS.Write.Application", "MultiTenantCQRS.Write.Application\MultiTenantCQRS.Write.Application.csproj", "{9ED2B251-4DFE-4024-9A86-59FA5A943F5F}"
EndProject
Project("{9A19103F-16F7-4668-BE54-9A1E7A4F7556}") = "MultiTenantCQRS.Write.Domain", "MultiTenantCQRS.Write.Domain\MultiTenantCQRS.Write.Domain.csproj", "{853331D9-B0B7-4CC8-ABF6-C3B5BD45C48A}"
EndProject
Project("{9A19103F-16F7-4668-BE54-9A1E7A4F7556}") = "MultiTenantCQRS.Write.SqlServer", "MultiTenantCQRS.Write.SqlServer\MultiTenantCQRS.Write.SqlServer.csproj", "{A178A626-1555-4BEF-92F5-AB2EA83966A4}"
EndProject
Project("{2150E333-8FDC-42A3-9474-1A3956D46DE8}") = "ContractEvent", "ContractEvent", "{6FA1C8CF-0D22-493A-9042-5D3D6EAA7F56}"
EndProject
Project("{9A19103F-16F7-4668-BE54-9A1E7A4F7556}") = "MultiTenantCQRS.Read.Domain", "MultiTenantCQRS.Read.Domain\MultiTenantCQRS.Read.Domain.csproj", "{235FCCA2-BB92-4521-B88E-9F3DB1AE1012}"
EndProject
Project("{9A19103F-16F7-4668-BE54-9A1E7A4F7556}") = "MultiTenantCQRS.Read.SqlServer", "MultiTenantCQRS.Read.SqlServer\MultiTenantCQRS.Read.SqlServer.csproj", "{508F0ACA-E342-4C19-A870-C7BC4369C590}"
EndProject
Project("{9A19103F-16F7-4668-BE54-9A1E7A4F7556}") = "MultiTenantCQRS.Read.Application", "MultiTenantCQRS.Read.Application\MultiTenantCQRS.Read.Application.csproj", "{9A5FFE48-1DDD-4EF5-AB4C-39254F672E5E}"
EndProject
Project("{9A19103F-16F7-4668-BE54-9A1E7A4F7556}") = "MultiTenantCQRS.Contract.Event", "MultiTenantCQRS.Contract.Event\MultiTenantCQRS.Contract.Event.csproj", "{62A2FF5D-9EC2-4314-95D2-E7CEBD50ADB7}"
EndProject
Project("{FAE04EC0-301F-11D3-BF4B-00C04F79EFBC}") = "MultiTenantCQRS.Write.RabbitMq", "MultiTenantCQRS.Write.RabbitMq\MultiTenantCQRS.Write.RabbitMq.csproj", "{20B332E5-24DD-44DD-8E32-E0EA8EDB3480}"
EndProject
Project("{FAE04EC0-301F-11D3-BF4B-00C04F79EFBC}") = "MultiTenantCQRS.Read.RabbitMq", "MultiTenantCQRS.Read.RabbitMq\MultiTenantCQRS.Read.RabbitMq.csproj", "{BF20D5CB-5A92-4EDA-8A28-FC59E00A981F}"
EndProject
Global
	GlobalSection(SolutionConfigurationPlatforms) = preSolution
		Debug|Any CPU = Debug|Any CPU
		Release|Any CPU = Release|Any CPU
	EndGlobalSection
	GlobalSection(ProjectConfigurationPlatforms) = postSolution
		{1494F262-4D8E-4A6A-9291-000500F7AABA}.Debug|Any CPU.ActiveCfg = Debug|Any CPU
		{1494F262-4D8E-4A6A-9291-000500F7AABA}.Debug|Any CPU.Build.0 = Debug|Any CPU
		{1494F262-4D8E-4A6A-9291-000500F7AABA}.Release|Any CPU.ActiveCfg = Release|Any CPU
		{1494F262-4D8E-4A6A-9291-000500F7AABA}.Release|Any CPU.Build.0 = Release|Any CPU
		{271BAC8E-4321-418E-9032-F465BCFB39B4}.Debug|Any CPU.ActiveCfg = Debug|Any CPU
		{271BAC8E-4321-418E-9032-F465BCFB39B4}.Debug|Any CPU.Build.0 = Debug|Any CPU
		{271BAC8E-4321-418E-9032-F465BCFB39B4}.Release|Any CPU.ActiveCfg = Release|Any CPU
		{271BAC8E-4321-418E-9032-F465BCFB39B4}.Release|Any CPU.Build.0 = Release|Any CPU
		{9ED2B251-4DFE-4024-9A86-59FA5A943F5F}.Debug|Any CPU.ActiveCfg = Debug|Any CPU
		{9ED2B251-4DFE-4024-9A86-59FA5A943F5F}.Debug|Any CPU.Build.0 = Debug|Any CPU
		{9ED2B251-4DFE-4024-9A86-59FA5A943F5F}.Release|Any CPU.ActiveCfg = Release|Any CPU
		{9ED2B251-4DFE-4024-9A86-59FA5A943F5F}.Release|Any CPU.Build.0 = Release|Any CPU
		{853331D9-B0B7-4CC8-ABF6-C3B5BD45C48A}.Debug|Any CPU.ActiveCfg = Debug|Any CPU
		{853331D9-B0B7-4CC8-ABF6-C3B5BD45C48A}.Debug|Any CPU.Build.0 = Debug|Any CPU
		{853331D9-B0B7-4CC8-ABF6-C3B5BD45C48A}.Release|Any CPU.ActiveCfg = Release|Any CPU
		{853331D9-B0B7-4CC8-ABF6-C3B5BD45C48A}.Release|Any CPU.Build.0 = Release|Any CPU
		{A178A626-1555-4BEF-92F5-AB2EA83966A4}.Debug|Any CPU.ActiveCfg = Debug|Any CPU
		{A178A626-1555-4BEF-92F5-AB2EA83966A4}.Debug|Any CPU.Build.0 = Debug|Any CPU
		{A178A626-1555-4BEF-92F5-AB2EA83966A4}.Release|Any CPU.ActiveCfg = Release|Any CPU
		{A178A626-1555-4BEF-92F5-AB2EA83966A4}.Release|Any CPU.Build.0 = Release|Any CPU
		{235FCCA2-BB92-4521-B88E-9F3DB1AE1012}.Debug|Any CPU.ActiveCfg = Debug|Any CPU
		{235FCCA2-BB92-4521-B88E-9F3DB1AE1012}.Debug|Any CPU.Build.0 = Debug|Any CPU
		{235FCCA2-BB92-4521-B88E-9F3DB1AE1012}.Release|Any CPU.ActiveCfg = Release|Any CPU
		{235FCCA2-BB92-4521-B88E-9F3DB1AE1012}.Release|Any CPU.Build.0 = Release|Any CPU
		{508F0ACA-E342-4C19-A870-C7BC4369C590}.Debug|Any CPU.ActiveCfg = Debug|Any CPU
		{508F0ACA-E342-4C19-A870-C7BC4369C590}.Debug|Any CPU.Build.0 = Debug|Any CPU
		{508F0ACA-E342-4C19-A870-C7BC4369C590}.Release|Any CPU.ActiveCfg = Release|Any CPU
		{508F0ACA-E342-4C19-A870-C7BC4369C590}.Release|Any CPU.Build.0 = Release|Any CPU
		{9A5FFE48-1DDD-4EF5-AB4C-39254F672E5E}.Debug|Any CPU.ActiveCfg = Debug|Any CPU
		{9A5FFE48-1DDD-4EF5-AB4C-39254F672E5E}.Debug|Any CPU.Build.0 = Debug|Any CPU
		{9A5FFE48-1DDD-4EF5-AB4C-39254F672E5E}.Release|Any CPU.ActiveCfg = Release|Any CPU
		{9A5FFE48-1DDD-4EF5-AB4C-39254F672E5E}.Release|Any CPU.Build.0 = Release|Any CPU
		{62A2FF5D-9EC2-4314-95D2-E7CEBD50ADB7}.Debug|Any CPU.ActiveCfg = Debug|Any CPU
		{62A2FF5D-9EC2-4314-95D2-E7CEBD50ADB7}.Debug|Any CPU.Build.0 = Debug|Any CPU
		{62A2FF5D-9EC2-4314-95D2-E7CEBD50ADB7}.Release|Any CPU.ActiveCfg = Release|Any CPU
		{62A2FF5D-9EC2-4314-95D2-E7CEBD50ADB7}.Release|Any CPU.Build.0 = Release|Any CPU
		{20B332E5-24DD-44DD-8E32-E0EA8EDB3480}.Debug|Any CPU.ActiveCfg = Debug|Any CPU
		{20B332E5-24DD-44DD-8E32-E0EA8EDB3480}.Debug|Any CPU.Build.0 = Debug|Any CPU
		{20B332E5-24DD-44DD-8E32-E0EA8EDB3480}.Release|Any CPU.ActiveCfg = Release|Any CPU
		{20B332E5-24DD-44DD-8E32-E0EA8EDB3480}.Release|Any CPU.Build.0 = Release|Any CPU
		{BF20D5CB-5A92-4EDA-8A28-FC59E00A981F}.Debug|Any CPU.ActiveCfg = Debug|Any CPU
		{BF20D5CB-5A92-4EDA-8A28-FC59E00A981F}.Debug|Any CPU.Build.0 = Debug|Any CPU
		{BF20D5CB-5A92-4EDA-8A28-FC59E00A981F}.Release|Any CPU.ActiveCfg = Release|Any CPU
		{BF20D5CB-5A92-4EDA-8A28-FC59E00A981F}.Release|Any CPU.Build.0 = Release|Any CPU
	EndGlobalSection
	GlobalSection(SolutionProperties) = preSolution
		HideSolutionNode = FALSE
	EndGlobalSection
	GlobalSection(NestedProjects) = preSolution
		{1494F262-4D8E-4A6A-9291-000500F7AABA} = {0B1B8E3D-DC9F-49EF-A971-5879F4342C7E}
		{271BAC8E-4321-418E-9032-F465BCFB39B4} = {3954CA32-17AB-4588-8679-57740208B9D0}
		{B9E05497-F2C3-49A1-B4B8-5E32ACEF832A} = {3D9ABDA3-68DA-48C8-9883-0D7A5D8EB3B2}
		{52267FF0-B382-481B-B846-76163ECCCA10} = {3D9ABDA3-68DA-48C8-9883-0D7A5D8EB3B2}
		{0B1B8E3D-DC9F-49EF-A971-5879F4342C7E} = {B9E05497-F2C3-49A1-B4B8-5E32ACEF832A}
		{EB1C9A68-FE76-4D47-835B-FCACFD45C591} = {B9E05497-F2C3-49A1-B4B8-5E32ACEF832A}
		{A6F8661E-AAEF-4A02-A8C8-370EF07AE939} = {B9E05497-F2C3-49A1-B4B8-5E32ACEF832A}
		{733D0836-E367-481A-A4F9-36EDF546ACCF} = {B9E05497-F2C3-49A1-B4B8-5E32ACEF832A}
		{2936BDE9-2425-41BA-9D32-7982FC7B4B6C} = {3D9ABDA3-68DA-48C8-9883-0D7A5D8EB3B2}
		{3954CA32-17AB-4588-8679-57740208B9D0} = {2936BDE9-2425-41BA-9D32-7982FC7B4B6C}
		{5EEC8276-4B5E-419B-8FD4-D0D1A4BE5DFF} = {2936BDE9-2425-41BA-9D32-7982FC7B4B6C}
		{1E53C8F1-2266-4748-B5D8-32D5192DECEF} = {2936BDE9-2425-41BA-9D32-7982FC7B4B6C}
		{389DE67E-6ACE-449B-9496-6E605E74DBFA} = {2936BDE9-2425-41BA-9D32-7982FC7B4B6C}
		{9ED2B251-4DFE-4024-9A86-59FA5A943F5F} = {EB1C9A68-FE76-4D47-835B-FCACFD45C591}
		{853331D9-B0B7-4CC8-ABF6-C3B5BD45C48A} = {A6F8661E-AAEF-4A02-A8C8-370EF07AE939}
		{A178A626-1555-4BEF-92F5-AB2EA83966A4} = {733D0836-E367-481A-A4F9-36EDF546ACCF}
		{6FA1C8CF-0D22-493A-9042-5D3D6EAA7F56} = {3D9ABDA3-68DA-48C8-9883-0D7A5D8EB3B2}
		{235FCCA2-BB92-4521-B88E-9F3DB1AE1012} = {1E53C8F1-2266-4748-B5D8-32D5192DECEF}
		{508F0ACA-E342-4C19-A870-C7BC4369C590} = {389DE67E-6ACE-449B-9496-6E605E74DBFA}
		{9A5FFE48-1DDD-4EF5-AB4C-39254F672E5E} = {5EEC8276-4B5E-419B-8FD4-D0D1A4BE5DFF}
		{62A2FF5D-9EC2-4314-95D2-E7CEBD50ADB7} = {6FA1C8CF-0D22-493A-9042-5D3D6EAA7F56}
		{20B332E5-24DD-44DD-8E32-E0EA8EDB3480} = {733D0836-E367-481A-A4F9-36EDF546ACCF}
		{BF20D5CB-5A92-4EDA-8A28-FC59E00A981F} = {389DE67E-6ACE-449B-9496-6E605E74DBFA}
	EndGlobalSection
	GlobalSection(ExtensibilityGlobals) = postSolution
		SolutionGuid = {6A9C1D04-0C7F-4494-80BE-2D7C79EEE4DB}
	EndGlobalSection
EndGlobal
